# Generated by buf. DO NOT EDIT.
version: v2
deps:
  - name: buf.build/bufbuild/protovalidate
    commit: 50325440f8f24053b047484a6bf60b76
    digest: b5:74cb6f5c0853c3c10aafc701614194bbd63326bdb8ef4068214454b8894b03ba4113e04b3a33a8321cdf05336e37db4dc14a5e2495db8462566914f36086ba31
  - name: buf.build/googleapis/googleapis
    commit: c17df5b2beca46928cc87d5656bd5343
    digest: b5:648a01e0170d4512dea7d564016165decd1ed6e34bef79fe54753e51ad7e27545709ad9157d7551270147d551155c595a2fb0bf5bb33b1c83040ddbce915c604
